
Microsoft Visual Studio Solution File, Format Version 12.00
# Visual Studio Version 16
VisualStudioVersion = 16.0.28803.202
MinimumVisualStudioVersion = 10.0.40219.1
Project("{FAE04EC0-301F-11D3-BF4B-00C04F79EFBC}") = "YearWithMostPeople", "YearWithMostPeople\YearWithMostPeople.csproj", "{C4DA7642-6F0B-418B-A30D-B8E072A6D441}"
EndProject
Project("{FAE04EC0-301F-11D3-BF4B-00C04F79EFBC}") = "YearWithMostPeopleTests", "YearWithMostPeopleTests\YearWithMostPeopleTests.csproj", "{54B1BB7E-4B7D-49F3-9385-96A342E06508}"
EndProject
Global
	GlobalSection(SolutionConfigurationPlatforms) = preSolution
		Debug|Any CPU = Debug|Any CPU
		Release|Any CPU = Release|Any CPU
	EndGlobalSection
	GlobalSection(ProjectConfigurationPlatforms) = postSolution
		{C4DA7642-6F0B-418B-A30D-B8E072A6D441}.Debug|Any CPU.ActiveCfg = Debug|Any CPU
		{C4DA7642-6F0B-418B-A30D-B8E072A6D441}.Debug|Any CPU.Build.0 = Debug|Any CPU
		{C4DA7642-6F0B-418B-A30D-B8E072A6D441}.Release|Any CPU.ActiveCfg = Release|Any CPU
		{C4DA7642-6F0B-418B-A30D-B8E072A6D441}.Release|Any CPU.Build.0 = Release|Any CPU
		{54B1BB7E-4B7D-49F3-9385-96A342E06508}.Debug|Any CPU.ActiveCfg = Debug|Any CPU
		{54B1BB7E-4B7D-49F3-9385-96A342E06508}.Debug|Any CPU.Build.0 = Debug|Any CPU
		{54B1BB7E-4B7D-49F3-9385-96A342E06508}.Release|Any CPU.ActiveCfg = Release|Any CPU
		{54B1BB7E-4B7D-49F3-9385-96A342E06508}.Release|Any CPU.Build.0 = Release|Any CPU
	EndGlobalSection
	GlobalSection(SolutionProperties) = preSolution
		HideSolutionNode = FALSE
	EndGlobalSection
	GlobalSection(ExtensibilityGlobals) = postSolution
		SolutionGuid = {3DD5BC1B-6BB3-4B8C-921C-6D161E0789D0}
	EndGlobalSection
EndGlobal
